
Microsoft Visual Studio Solution File, Format Version 12.00
# Visual Studio Version 17
VisualStudioVersion = 17.10.34916.146
MinimumVisualStudioVersion = 10.0.40219.1
Project("{2150E333-8FDC-42A3-9474-1A3956D46DE8}") = "src", "src", "{02EA681E-C7D8-13C7-8484-4AC65E1B71E8}"
EndProject
Project("{2150E333-8FDC-42A3-9474-1A3956D46DE8}") = "tests", "tests", "{13873A95-8894-4107-9F91-784B5F100B49}"
EndProject
Project("{FAE04EC0-301F-11D3-BF4B-00C04F79EFBC}") = "GildedRose.Core", "Core\GildedRose.Core.csproj", "{B44A78FF-9CC5-EC70-0C9C-8DD3946E2731}"
EndProject
Project("{FAE04EC0-301F-11D3-BF4B-00C04F79EFBC}") = "GildedRose.Tests", "..\tests\GildedRose.Tests.csproj", "{03AD046E-95FA-7E0E-CB71-0F67630F62F8}"
EndProject
Global
	GlobalSection(SolutionConfigurationPlatforms) = preSolution
		Debug|Any CPU = Debug|Any CPU
		Release|Any CPU = Release|Any CPU
	EndGlobalSection
	GlobalSection(ProjectConfigurationPlatforms) = postSolution
		{B44A78FF-9CC5-EC70-0C9C-8DD3946E2731}.Debug|Any CPU.ActiveCfg = Debug|Any CPU
		{B44A78FF-9CC5-EC70-0C9C-8DD3946E2731}.Debug|Any CPU.Build.0 = Debug|Any CPU
		{B44A78FF-9CC5-EC70-0C9C-8DD3946E2731}.Release|Any CPU.ActiveCfg = Release|Any CPU
		{B44A78FF-9CC5-EC70-0C9C-8DD3946E2731}.Release|Any CPU.Build.0 = Release|Any CPU
		{03AD046E-95FA-7E0E-CB71-0F67630F62F8}.Debug|Any CPU.ActiveCfg = Debug|Any CPU
		{03AD046E-95FA-7E0E-CB71-0F67630F62F8}.Debug|Any CPU.Build.0 = Debug|Any CPU
		{03AD046E-95FA-7E0E-CB71-0F67630F62F8}.Release|Any CPU.ActiveCfg = Release|Any CPU
		{03AD046E-95FA-7E0E-CB71-0F67630F62F8}.Release|Any CPU.Build.0 = Release|Any CPU
	EndGlobalSection
	GlobalSection(SolutionProperties) = preSolution
		HideSolutionNode = FALSE
	EndGlobalSection
	GlobalSection(NestedProjects) = preSolution
		{B44A78FF-9CC5-EC70-0C9C-8DD3946E2731} = {02EA681E-C7D8-13C7-8484-4AC65E1B71E8}
		{03AD046E-95FA-7E0E-CB71-0F67630F62F8} = {13873A95-8894-4107-9F91-784B5F100B49}
	EndGlobalSection
	GlobalSection(ExtensibilityGlobals) = postSolution
		SolutionGuid = {02785EA4-86A5-4E57-9A9A-6998FAE1E617}
	EndGlobalSection
EndGlobal
